
Microsoft Visual Studio Solution File, Format Version 12.00
# Visual Studio 15
VisualStudioVersion = 15.0.27428.2037
MinimumVisualStudioVersion = 10.0.40219.1
Project("{2150E333-8FDC-42A3-9474-1A3956D46DE8}") = "2 - Logic", "2 - Logic", "{996257C2-DE5F-4CE9-852D-78FC219B55CA}"
EndProject
Project("{2150E333-8FDC-42A3-9474-1A3956D46DE8}") = "3- Data", "3- Data", "{BA401FD4-90A3-4224-B7E6-A45FB0E54868}"
EndProject
Project("{2150E333-8FDC-42A3-9474-1A3956D46DE8}") = "0 - Presentation", "0 - Presentation", "{26E66719-1698-46CB-91D0-B37E8DB95EDB}"
EndProject
Project("{2150E333-8FDC-42A3-9474-1A3956D46DE8}") = "4 - Infrastructure", "4 - Infrastructure", "{1CA282DA-5A19-4AC1-A596-9ABDB8AA8385}"
EndProject
Project("{2150E333-8FDC-42A3-9474-1A3956D46DE8}") = "A - Domain", "A - Domain", "{4BF0D648-666B-4066-80D6-8E2D6C0AECAA}"
EndProject
Project("{2150E333-8FDC-42A3-9474-1A3956D46DE8}") = "A - Shared", "A - Shared", "{54E80DDD-0A16-4FD9-A6D5-1FD3B8C182F7}"
EndProject
Project("{2150E333-8FDC-42A3-9474-1A3956D46DE8}") = "B - CrossCutting", "B - CrossCutting", "{E53D00EE-0F1A-4285-9667-7CE26A4A14CB}"
EndProject
Project("{2150E333-8FDC-42A3-9474-1A3956D46DE8}") = "C - Mobile", "C - Mobile", "{BF93B395-B240-4A83-A075-CEDE1FAE0ECD}"
EndProject
Project("{2150E333-8FDC-42A3-9474-1A3956D46DE8}") = "B - WebPresentarion", "B - WebPresentarion", "{CF52A49B-FE8B-4970-8B9A-7DD7EC3FD3EB}"
EndProject
Project("{2150E333-8FDC-42A3-9474-1A3956D46DE8}") = "B - LocalData", "B - LocalData", "{222B082E-F8DA-4DC0-82F9-0E407BB5B822}"
EndProject
Project("{2150E333-8FDC-42A3-9474-1A3956D46DE8}") = "C - ExternalData", "C - ExternalData", "{69A1DA62-0B50-45F5-89FF-9A859F54E910}"
EndProject
Project("{2150E333-8FDC-42A3-9474-1A3956D46DE8}") = "A - WebApi", "A - WebApi", "{A25D151F-5D73-4535-B580-CF0A4A0340CB}"
EndProject
Project("{2150E333-8FDC-42A3-9474-1A3956D46DE8}") = "II - Native", "II - Native", "{9EC5E629-32A7-4FD7-85CB-EF9FA4A1BF29}"
EndProject
Project("{2150E333-8FDC-42A3-9474-1A3956D46DE8}") = "I - CrossPresentation", "I - CrossPresentation", "{43687776-33BA-4410-BE39-7F7196C625C0}"
EndProject
Project("{2150E333-8FDC-42A3-9474-1A3956D46DE8}") = "B - ViewModels", "B - ViewModels", "{BB4ACF41-7102-40F2-BD96-A862E9546ED9}"
EndProject
Project("{2150E333-8FDC-42A3-9474-1A3956D46DE8}") = "5 - Test", "5 - Test", "{47661D32-7AC3-4F63-8A0A-63B19C5FE5A5}"
EndProject
Project("{2150E333-8FDC-42A3-9474-1A3956D46DE8}") = "A - Domain", "A - Domain", "{12C62763-51EE-4873-B3F5-078C6C3B14A4}"
EndProject
Project("{2150E333-8FDC-42A3-9474-1A3956D46DE8}") = "B - ViewModel", "B - ViewModel", "{4CC727D3-510B-40A1-B1F5-4023B8A8B053}"
EndProject
Project("{2150E333-8FDC-42A3-9474-1A3956D46DE8}") = "C - Mobile", "C - Mobile", "{324979E4-375D-415C-9EA6-D140EE7F603A}"
EndProject
Project("{9A19103F-16F7-4668-BE54-9A1E7A4F7556}") = "Base.Domain", "Base.Domain\Base.Domain.csproj", "{3955CDA2-90CF-4076-ABF6-0F4318467E02}"
EndProject
Project("{2150E333-8FDC-42A3-9474-1A3956D46DE8}") = "I - Domain", "I - Domain", "{98503236-30B6-45A0-8DAC-6AECABBDEDF1}"
EndProject
Project("{9A19103F-16F7-4668-BE54-9A1E7A4F7556}") = "Base.Shared.Domain", "Base.Shared.Domain\Base.Shared.Domain.csproj", "{415C6911-360C-45BF-BD1F-381401E15A98}"
EndProject
Project("{2150E333-8FDC-42A3-9474-1A3956D46DE8}") = "II - Extension", "II - Extension", "{0749804E-A8DD-4CD6-B189-E182C32DD699}"
EndProject
Project("{9A19103F-16F7-4668-BE54-9A1E7A4F7556}") = "Base.Shared.Extension", "Base.Shared.Extension\Base.Shared.Extension.csproj", "{D3C54C84-00BF-4787-A526-FED7C03A654E}"
EndProject
Project("{9A19103F-16F7-4668-BE54-9A1E7A4F7556}") = "Base.Test.Domain", "Base.Test.Domain\Base.Test.Domain.csproj", "{681B259E-4F5A-43F3-A1EE-0E36B4184BA2}"
EndProject
Project("{2150E333-8FDC-42A3-9474-1A3956D46DE8}") = "III - Enum", "III - Enum", "{3725DFF0-16CA-48ED-9A24-DFF10A97B8F0}"
EndProject
Project("{9A19103F-16F7-4668-BE54-9A1E7A4F7556}") = "Base.Shared.Enum", "Base.Shared.Enum\Base.Shared.Enum.csproj", "{EA545CD7-F40B-40BE-A66A-C017B806B5D2}"
EndProject
Project("{9A19103F-16F7-4668-BE54-9A1E7A4F7556}") = "Base.ExternalData", "Base.ExternalData\Base.ExternalData.csproj", "{9703E21D-D383-4127-A7A8-C99EF4044D4A}"
EndProject
Project("{9A19103F-16F7-4668-BE54-9A1E7A4F7556}") = "Base.WebApi", "Base.WebApi\Base.WebApi.csproj", "{930E6E7C-FE16-4690-A739-3AB6D352C85C}"
EndProject
Project("{2150E333-8FDC-42A3-9474-1A3956D46DE8}") = "1 - Application", "1 - Application", "{73F72235-820F-46A3-8E66-C1256354D473}"
EndProject
Project("{9A19103F-16F7-4668-BE54-9A1E7A4F7556}") = "Base.IoC", "Base.IoC\Base.IoC.csproj", "{1483354A-44F3-4445-A8C7-3C5AB618E606}"
EndProject
Project("{9A19103F-16F7-4668-BE54-9A1E7A4F7556}") = "Base.Bus", "Base.Bus\Base.Bus.csproj", "{65EB9689-CF50-41FA-81B5-C7DBA3948C51}"
EndProject
Project("{9A19103F-16F7-4668-BE54-9A1E7A4F7556}") = "Base.Application", "Base.Application\Base.Application.csproj", "{040B50EC-566C-409C-AB68-9D93A9D3D6DB}"
EndProject
Global
	GlobalSection(SolutionConfigurationPlatforms) = preSolution
		Debug|Any CPU = Debug|Any CPU
		Release|Any CPU = Release|Any CPU
	EndGlobalSection
	GlobalSection(ProjectConfigurationPlatforms) = postSolution
		{3955CDA2-90CF-4076-ABF6-0F4318467E02}.Debug|Any CPU.ActiveCfg = Debug|Any CPU
		{3955CDA2-90CF-4076-ABF6-0F4318467E02}.Debug|Any CPU.Build.0 = Debug|Any CPU
		{3955CDA2-90CF-4076-ABF6-0F4318467E02}.Release|Any CPU.ActiveCfg = Release|Any CPU
		{3955CDA2-90CF-4076-ABF6-0F4318467E02}.Release|Any CPU.Build.0 = Release|Any CPU
		{415C6911-360C-45BF-BD1F-381401E15A98}.Debug|Any CPU.ActiveCfg = Debug|Any CPU
		{415C6911-360C-45BF-BD1F-381401E15A98}.Debug|Any CPU.Build.0 = Debug|Any CPU
		{415C6911-360C-45BF-BD1F-381401E15A98}.Release|Any CPU.ActiveCfg = Release|Any CPU
		{415C6911-360C-45BF-BD1F-381401E15A98}.Release|Any CPU.Build.0 = Release|Any CPU
		{D3C54C84-00BF-4787-A526-FED7C03A654E}.Debug|Any CPU.ActiveCfg = Debug|Any CPU
		{D3C54C84-00BF-4787-A526-FED7C03A654E}.Debug|Any CPU.Build.0 = Debug|Any CPU
		{D3C54C84-00BF-4787-A526-FED7C03A654E}.Release|Any CPU.ActiveCfg = Release|Any CPU
		{D3C54C84-00BF-4787-A526-FED7C03A654E}.Release|Any CPU.Build.0 = Release|Any CPU
		{681B259E-4F5A-43F3-A1EE-0E36B4184BA2}.Debug|Any CPU.ActiveCfg = Debug|Any CPU
		{681B259E-4F5A-43F3-A1EE-0E36B4184BA2}.Debug|Any CPU.Build.0 = Debug|Any CPU
		{681B259E-4F5A-43F3-A1EE-0E36B4184BA2}.Release|Any CPU.ActiveCfg = Release|Any CPU
		{681B259E-4F5A-43F3-A1EE-0E36B4184BA2}.Release|Any CPU.Build.0 = Release|Any CPU
		{EA545CD7-F40B-40BE-A66A-C017B806B5D2}.Debug|Any CPU.ActiveCfg = Debug|Any CPU
		{EA545CD7-F40B-40BE-A66A-C017B806B5D2}.Debug|Any CPU.Build.0 = Debug|Any CPU
		{EA545CD7-F40B-40BE-A66A-C017B806B5D2}.Release|Any CPU.ActiveCfg = Release|Any CPU
		{EA545CD7-F40B-40BE-A66A-C017B806B5D2}.Release|Any CPU.Build.0 = Release|Any CPU
		{9703E21D-D383-4127-A7A8-C99EF4044D4A}.Debug|Any CPU.ActiveCfg = Debug|Any CPU
		{9703E21D-D383-4127-A7A8-C99EF4044D4A}.Debug|Any CPU.Build.0 = Debug|Any CPU
		{9703E21D-D383-4127-A7A8-C99EF4044D4A}.Release|Any CPU.ActiveCfg = Release|Any CPU
		{9703E21D-D383-4127-A7A8-C99EF4044D4A}.Release|Any CPU.Build.0 = Release|Any CPU
		{930E6E7C-FE16-4690-A739-3AB6D352C85C}.Debug|Any CPU.ActiveCfg = Debug|Any CPU
		{930E6E7C-FE16-4690-A739-3AB6D352C85C}.Debug|Any CPU.Build.0 = Debug|Any CPU
		{930E6E7C-FE16-4690-A739-3AB6D352C85C}.Release|Any CPU.ActiveCfg = Release|Any CPU
		{930E6E7C-FE16-4690-A739-3AB6D352C85C}.Release|Any CPU.Build.0 = Release|Any CPU
		{1483354A-44F3-4445-A8C7-3C5AB618E606}.Debug|Any CPU.ActiveCfg = Debug|Any CPU
		{1483354A-44F3-4445-A8C7-3C5AB618E606}.Debug|Any CPU.Build.0 = Debug|Any CPU
		{1483354A-44F3-4445-A8C7-3C5AB618E606}.Release|Any CPU.ActiveCfg = Release|Any CPU
		{1483354A-44F3-4445-A8C7-3C5AB618E606}.Release|Any CPU.Build.0 = Release|Any CPU
		{65EB9689-CF50-41FA-81B5-C7DBA3948C51}.Debug|Any CPU.ActiveCfg = Debug|Any CPU
		{65EB9689-CF50-41FA-81B5-C7DBA3948C51}.Debug|Any CPU.Build.0 = Debug|Any CPU
		{65EB9689-CF50-41FA-81B5-C7DBA3948C51}.Release|Any CPU.ActiveCfg = Release|Any CPU
		{65EB9689-CF50-41FA-81B5-C7DBA3948C51}.Release|Any CPU.Build.0 = Release|Any CPU
		{040B50EC-566C-409C-AB68-9D93A9D3D6DB}.Debug|Any CPU.ActiveCfg = Debug|Any CPU
		{040B50EC-566C-409C-AB68-9D93A9D3D6DB}.Debug|Any CPU.Build.0 = Debug|Any CPU
		{040B50EC-566C-409C-AB68-9D93A9D3D6DB}.Release|Any CPU.ActiveCfg = Release|Any CPU
		{040B50EC-566C-409C-AB68-9D93A9D3D6DB}.Release|Any CPU.Build.0 = Release|Any CPU
	EndGlobalSection
	GlobalSection(SolutionProperties) = preSolution
		HideSolutionNode = FALSE
	EndGlobalSection
	GlobalSection(NestedProjects) = preSolution
		{4BF0D648-666B-4066-80D6-8E2D6C0AECAA} = {996257C2-DE5F-4CE9-852D-78FC219B55CA}
		{54E80DDD-0A16-4FD9-A6D5-1FD3B8C182F7} = {1CA282DA-5A19-4AC1-A596-9ABDB8AA8385}
		{E53D00EE-0F1A-4285-9667-7CE26A4A14CB} = {1CA282DA-5A19-4AC1-A596-9ABDB8AA8385}
		{BF93B395-B240-4A83-A075-CEDE1FAE0ECD} = {26E66719-1698-46CB-91D0-B37E8DB95EDB}
		{CF52A49B-FE8B-4970-8B9A-7DD7EC3FD3EB} = {26E66719-1698-46CB-91D0-B37E8DB95EDB}
		{222B082E-F8DA-4DC0-82F9-0E407BB5B822} = {BA401FD4-90A3-4224-B7E6-A45FB0E54868}
		{69A1DA62-0B50-45F5-89FF-9A859F54E910} = {BA401FD4-90A3-4224-B7E6-A45FB0E54868}
		{A25D151F-5D73-4535-B580-CF0A4A0340CB} = {26E66719-1698-46CB-91D0-B37E8DB95EDB}
		{9EC5E629-32A7-4FD7-85CB-EF9FA4A1BF29} = {BF93B395-B240-4A83-A075-CEDE1FAE0ECD}
		{43687776-33BA-4410-BE39-7F7196C625C0} = {BF93B395-B240-4A83-A075-CEDE1FAE0ECD}
		{BB4ACF41-7102-40F2-BD96-A862E9546ED9} = {996257C2-DE5F-4CE9-852D-78FC219B55CA}
		{12C62763-51EE-4873-B3F5-078C6C3B14A4} = {47661D32-7AC3-4F63-8A0A-63B19C5FE5A5}
		{4CC727D3-510B-40A1-B1F5-4023B8A8B053} = {47661D32-7AC3-4F63-8A0A-63B19C5FE5A5}
		{324979E4-375D-415C-9EA6-D140EE7F603A} = {47661D32-7AC3-4F63-8A0A-63B19C5FE5A5}
		{3955CDA2-90CF-4076-ABF6-0F4318467E02} = {4BF0D648-666B-4066-80D6-8E2D6C0AECAA}
		{98503236-30B6-45A0-8DAC-6AECABBDEDF1} = {54E80DDD-0A16-4FD9-A6D5-1FD3B8C182F7}
		{415C6911-360C-45BF-BD1F-381401E15A98} = {98503236-30B6-45A0-8DAC-6AECABBDEDF1}
		{0749804E-A8DD-4CD6-B189-E182C32DD699} = {54E80DDD-0A16-4FD9-A6D5-1FD3B8C182F7}
		{D3C54C84-00BF-4787-A526-FED7C03A654E} = {0749804E-A8DD-4CD6-B189-E182C32DD699}
		{681B259E-4F5A-43F3-A1EE-0E36B4184BA2} = {12C62763-51EE-4873-B3F5-078C6C3B14A4}
		{3725DFF0-16CA-48ED-9A24-DFF10A97B8F0} = {54E80DDD-0A16-4FD9-A6D5-1FD3B8C182F7}
		{EA545CD7-F40B-40BE-A66A-C017B806B5D2} = {3725DFF0-16CA-48ED-9A24-DFF10A97B8F0}
		{9703E21D-D383-4127-A7A8-C99EF4044D4A} = {69A1DA62-0B50-45F5-89FF-9A859F54E910}
		{930E6E7C-FE16-4690-A739-3AB6D352C85C} = {A25D151F-5D73-4535-B580-CF0A4A0340CB}
		{1483354A-44F3-4445-A8C7-3C5AB618E606} = {E53D00EE-0F1A-4285-9667-7CE26A4A14CB}
		{65EB9689-CF50-41FA-81B5-C7DBA3948C51} = {E53D00EE-0F1A-4285-9667-7CE26A4A14CB}
		{040B50EC-566C-409C-AB68-9D93A9D3D6DB} = {73F72235-820F-46A3-8E66-C1256354D473}
	EndGlobalSection
	GlobalSection(ExtensibilityGlobals) = postSolution
		SolutionGuid = {16B13480-5CB8-4E5A-BFAA-1368701023B8}
	EndGlobalSection
EndGlobal
